{
  "nodes": {
    "bats-assert": {
      "flake": false,
      "locked": {
        "lastModified": 1636059754,
        "narHash": "sha256-ewME0l27ZqfmAwJO4h5biTALc9bDLv7Bl3ftBzBuZwk=",
        "owner": "bats-core",
        "repo": "bats-assert",
        "rev": "34551b1d7f8c7b677c1a66fc0ac140d6223409e5",
        "type": "github"
      },
      "original": {
        "owner": "bats-core",
        "repo": "bats-assert",
        "type": "github"
      }
    },
    "bats-support": {
      "flake": false,
      "locked": {
        "lastModified": 1548869839,
        "narHash": "sha256-Gr4ntadr42F2Ks8Pte2D4wNDbijhujuoJi4OPZnTAZU=",
        "owner": "bats-core",
        "repo": "bats-support",
        "rev": "d140a65044b2d6810381935ae7f0c94c7023c8c3",
        "type": "github"
      },
      "original": {
        "owner": "bats-core",
        "repo": "bats-support",
        "type": "github"
      }
    },
    "flake-utils": {
      "locked": {
        "lastModified": 1634851050,
        "narHash": "sha256-N83GlSGPJJdcqhUxSCS/WwW5pksYf3VP1M13cDRTSVA=",
        "owner": "numtide",
        "repo": "flake-utils",
        "rev": "c91f3de5adaf1de973b797ef7485e441a65b8935",
        "type": "github"
      },
      "original": {
        "owner": "numtide",
        "repo": "flake-utils",
        "type": "github"
      }
    },
    "nixpkgs": {
      "locked": {
        "lastModified": 1636203037,
        "narHash": "sha256-m258m1cgE5gCKHMxAKJI+Nxb9eUEsOBzOTjFIZY6cEg=",
        "owner": "nixos",
        "repo": "nixpkgs",
        "rev": "d6dc3adc0a015ed08f8683759f1fc7576fa0cb09",
        "type": "github"
      },
      "original": {
        "owner": "nixos",
        "repo": "nixpkgs",
        "type": "github"
      }
    },
    "root": {
      "inputs": {
        "bats-assert": "bats-assert",
        "bats-support": "bats-support",
        "flake-utils": "flake-utils",
        "nixpkgs": "nixpkgs",
        "terranix-examples": "terranix-examples"
      }
    },
    "terranix-examples": {
      "locked": {
        "lastModified": 1633465925,
        "narHash": "sha256-BfXRW1ZHpK5jh5CVcw7eFpGsWE1CyVxL8R+V7uXemaU=",
        "owner": "terranix",
        "repo": "terranix-examples",
        "rev": "70bf5d5a1ad4eabef1e4e71c1eb101021decd5a4",
        "type": "github"
      },
      "original": {
        "owner": "terranix",
        "repo": "terranix-examples",
        "type": "github"
      }
    }
  },
  "root": "root",
  "version": 7
}
